
Microsoft Visual Studio Solution File, Format Version 12.00
# Visual Studio Version 16
VisualStudioVersion = 16.0.28729.10
MinimumVisualStudioVersion = 10.0.40219.1
Project("{9A19103F-16F7-4668-BE54-9A1E7A4F7556}") = "BlazorUIComponents.Core", "BlazorUIComponents.Core\BlazorUIComponents.Core.csproj", "{D62FB863-95B7-4A53-934C-11005473C923}"
EndProject
Project("{9A19103F-16F7-4668-BE54-9A1E7A4F7556}") = "BlazorUIComponents.Demo", "BlazorUIComponents.Demo\BlazorUIComponents.Demo.csproj", "{F093B693-A751-481B-A8AD-A7D712227792}"
EndProject
Project("{FAE04EC0-301F-11D3-BF4B-00C04F79EFBC}") = "BlazorUIComponents.Demo.UWP", "BlazorUIComponents.Demo.UWP\BlazorUIComponents.Demo.UWP.csproj", "{499E7C53-7AD1-4ECC-BD93-44850A7AD124}"
EndProject
Project("{9A19103F-16F7-4668-BE54-9A1E7A4F7556}") = "ReactiveUI", "ReactiveUI\src\ReactiveUI\ReactiveUI.csproj", "{F04473C5-5768-442E-A406-4368358A33A5}"
EndProject
Project("{9A19103F-16F7-4668-BE54-9A1E7A4F7556}") = "BlazorUIComponents.Controls", "BlazorUIComponents.Controls\BlazorUIComponents.Controls.csproj", "{0F06567D-67B6-4C3B-ABFC-D3AFAD7D77DA}"
EndProject
Global
	GlobalSection(SolutionConfigurationPlatforms) = preSolution
		Debug|Any CPU = Debug|Any CPU
		Debug|ARM = Debug|ARM
		Debug|ARM64 = Debug|ARM64
		Debug|x64 = Debug|x64
		Debug|x86 = Debug|x86
		Release|Any CPU = Release|Any CPU
		Release|ARM = Release|ARM
		Release|ARM64 = Release|ARM64
		Release|x64 = Release|x64
		Release|x86 = Release|x86
	EndGlobalSection
	GlobalSection(ProjectConfigurationPlatforms) = postSolution
		{D62FB863-95B7-4A53-934C-11005473C923}.Debug|Any CPU.ActiveCfg = Debug|Any CPU
		{D62FB863-95B7-4A53-934C-11005473C923}.Debug|Any CPU.Build.0 = Debug|Any CPU
		{D62FB863-95B7-4A53-934C-11005473C923}.Debug|ARM.ActiveCfg = Debug|Any CPU
		{D62FB863-95B7-4A53-934C-11005473C923}.Debug|ARM.Build.0 = Debug|Any CPU
		{D62FB863-95B7-4A53-934C-11005473C923}.Debug|ARM64.ActiveCfg = Debug|Any CPU
		{D62FB863-95B7-4A53-934C-11005473C923}.Debug|ARM64.Build.0 = Debug|Any CPU
		{D62FB863-95B7-4A53-934C-11005473C923}.Debug|x64.ActiveCfg = Debug|Any CPU
		{D62FB863-95B7-4A53-934C-11005473C923}.Debug|x64.Build.0 = Debug|Any CPU
		{D62FB863-95B7-4A53-934C-11005473C923}.Debug|x86.ActiveCfg = Debug|Any CPU
		{D62FB863-95B7-4A53-934C-11005473C923}.Debug|x86.Build.0 = Debug|Any CPU
		{D62FB863-95B7-4A53-934C-11005473C923}.Release|Any CPU.ActiveCfg = Release|Any CPU
		{D62FB863-95B7-4A53-934C-11005473C923}.Release|Any CPU.Build.0 = Release|Any CPU
		{D62FB863-95B7-4A53-934C-11005473C923}.Release|ARM.ActiveCfg = Release|Any CPU
		{D62FB863-95B7-4A53-934C-11005473C923}.Release|ARM.Build.0 = Release|Any CPU
		{D62FB863-95B7-4A53-934C-11005473C923}.Release|ARM64.ActiveCfg = Release|Any CPU
		{D62FB863-95B7-4A53-934C-11005473C923}.Release|ARM64.Build.0 = Release|Any CPU
		{D62FB863-95B7-4A53-934C-11005473C923}.Release|x64.ActiveCfg = Release|Any CPU
		{D62FB863-95B7-4A53-934C-11005473C923}.Release|x64.Build.0 = Release|Any CPU
		{D62FB863-95B7-4A53-934C-11005473C923}.Release|x86.ActiveCfg = Release|Any CPU
		{D62FB863-95B7-4A53-934C-11005473C923}.Release|x86.Build.0 = Release|Any CPU
		{F093B693-A751-481B-A8AD-A7D712227792}.Debug|Any CPU.ActiveCfg = Debug|Any CPU
		{F093B693-A751-481B-A8AD-A7D712227792}.Debug|Any CPU.Build.0 = Debug|Any CPU
		{F093B693-A751-481B-A8AD-A7D712227792}.Debug|ARM.ActiveCfg = Debug|Any CPU
		{F093B693-A751-481B-A8AD-A7D712227792}.Debug|ARM.Build.0 = Debug|Any CPU
		{F093B693-A751-481B-A8AD-A7D712227792}.Debug|ARM64.ActiveCfg = Debug|Any CPU
		{F093B693-A751-481B-A8AD-A7D712227792}.Debug|ARM64.Build.0 = Debug|Any CPU
		{F093B693-A751-481B-A8AD-A7D712227792}.Debug|x64.ActiveCfg = Debug|Any CPU
		{F093B693-A751-481B-A8AD-A7D712227792}.Debug|x64.Build.0 = Debug|Any CPU
		{F093B693-A751-481B-A8AD-A7D712227792}.Debug|x86.ActiveCfg = Debug|Any CPU
		{F093B693-A751-481B-A8AD-A7D712227792}.Debug|x86.Build.0 = Debug|Any CPU
		{F093B693-A751-481B-A8AD-A7D712227792}.Release|Any CPU.ActiveCfg = Release|Any CPU
		{F093B693-A751-481B-A8AD-A7D712227792}.Release|Any CPU.Build.0 = Release|Any CPU
		{F093B693-A751-481B-A8AD-A7D712227792}.Release|ARM.ActiveCfg = Release|Any CPU
		{F093B693-A751-481B-A8AD-A7D712227792}.Release|ARM.Build.0 = Release|Any CPU
		{F093B693-A751-481B-A8AD-A7D712227792}.Release|ARM64.ActiveCfg = Release|Any CPU
		{F093B693-A751-481B-A8AD-A7D712227792}.Release|ARM64.Build.0 = Release|Any CPU
		{F093B693-A751-481B-A8AD-A7D712227792}.Release|x64.ActiveCfg = Release|Any CPU
		{F093B693-A751-481B-A8AD-A7D712227792}.Release|x64.Build.0 = Release|Any CPU
		{F093B693-A751-481B-A8AD-A7D712227792}.Release|x86.ActiveCfg = Release|Any CPU
		{F093B693-A751-481B-A8AD-A7D712227792}.Release|x86.Build.0 = Release|Any CPU
		{499E7C53-7AD1-4ECC-BD93-44850A7AD124}.Debug|Any CPU.ActiveCfg = Debug|x86
		{499E7C53-7AD1-4ECC-BD93-44850A7AD124}.Debug|Any CPU.Build.0 = Debug|x86
		{499E7C53-7AD1-4ECC-BD93-44850A7AD124}.Debug|Any CPU.Deploy.0 = Debug|x86
		{499E7C53-7AD1-4ECC-BD93-44850A7AD124}.Debug|ARM.ActiveCfg = Debug|ARM
		{499E7C53-7AD1-4ECC-BD93-44850A7AD124}.Debug|ARM.Build.0 = Debug|ARM
		{499E7C53-7AD1-4ECC-BD93-44850A7AD124}.Debug|ARM.Deploy.0 = Debug|ARM
		{499E7C53-7AD1-4ECC-BD93-44850A7AD124}.Debug|ARM64.ActiveCfg = Debug|ARM64
		{499E7C53-7AD1-4ECC-BD93-44850A7AD124}.Debug|ARM64.Build.0 = Debug|ARM64
		{499E7C53-7AD1-4ECC-BD93-44850A7AD124}.Debug|ARM64.Deploy.0 = Debug|ARM64
		{499E7C53-7AD1-4ECC-BD93-44850A7AD124}.Debug|x64.ActiveCfg = Debug|x64
		{499E7C53-7AD1-4ECC-BD93-44850A7AD124}.Debug|x64.Build.0 = Debug|x64
		{499E7C53-7AD1-4ECC-BD93-44850A7AD124}.Debug|x64.Deploy.0 = Debug|x64
		{499E7C53-7AD1-4ECC-BD93-44850A7AD124}.Debug|x86.ActiveCfg = Debug|x86
		{499E7C53-7AD1-4ECC-BD93-44850A7AD124}.Debug|x86.Build.0 = Debug|x86
		{499E7C53-7AD1-4ECC-BD93-44850A7AD124}.Debug|x86.Deploy.0 = Debug|x86
		{499E7C53-7AD1-4ECC-BD93-44850A7AD124}.Release|Any CPU.ActiveCfg = Release|x86
		{499E7C53-7AD1-4ECC-BD93-44850A7AD124}.Release|ARM.ActiveCfg = Release|ARM
		{499E7C53-7AD1-4ECC-BD93-44850A7AD124}.Release|ARM.Build.0 = Release|ARM
		{499E7C53-7AD1-4ECC-BD93-44850A7AD124}.Release|ARM.Deploy.0 = Release|ARM
		{499E7C53-7AD1-4ECC-BD93-44850A7AD124}.Release|ARM64.ActiveCfg = Release|ARM64
		{499E7C53-7AD1-4ECC-BD93-44850A7AD124}.Release|ARM64.Build.0 = Release|ARM64
		{499E7C53-7AD1-4ECC-BD93-44850A7AD124}.Release|ARM64.Deploy.0 = Release|ARM64
		{499E7C53-7AD1-4ECC-BD93-44850A7AD124}.Release|x64.ActiveCfg = Release|x64
		{499E7C53-7AD1-4ECC-BD93-44850A7AD124}.Release|x64.Build.0 = Release|x64
		{499E7C53-7AD1-4ECC-BD93-44850A7AD124}.Release|x64.Deploy.0 = Release|x64
		{499E7C53-7AD1-4ECC-BD93-44850A7AD124}.Release|x86.ActiveCfg = Release|x86
		{499E7C53-7AD1-4ECC-BD93-44850A7AD124}.Release|x86.Build.0 = Release|x86
		{499E7C53-7AD1-4ECC-BD93-44850A7AD124}.Release|x86.Deploy.0 = Release|x86
		{F04473C5-5768-442E-A406-4368358A33A5}.Debug|Any CPU.ActiveCfg = Debug|Any CPU
		{F04473C5-5768-442E-A406-4368358A33A5}.Debug|Any CPU.Build.0 = Debug|Any CPU
		{F04473C5-5768-442E-A406-4368358A33A5}.Debug|ARM.ActiveCfg = Debug|Any CPU
		{F04473C5-5768-442E-A406-4368358A33A5}.Debug|ARM.Build.0 = Debug|Any CPU
		{F04473C5-5768-442E-A406-4368358A33A5}.Debug|ARM64.ActiveCfg = Debug|Any CPU
		{F04473C5-5768-442E-A406-4368358A33A5}.Debug|ARM64.Build.0 = Debug|Any CPU
		{F04473C5-5768-442E-A406-4368358A33A5}.Debug|x64.ActiveCfg = Debug|Any CPU
		{F04473C5-5768-442E-A406-4368358A33A5}.Debug|x64.Build.0 = Debug|Any CPU
		{F04473C5-5768-442E-A406-4368358A33A5}.Debug|x86.ActiveCfg = Debug|Any CPU
		{F04473C5-5768-442E-A406-4368358A33A5}.Debug|x86.Build.0 = Debug|Any CPU
		{F04473C5-5768-442E-A406-4368358A33A5}.Release|Any CPU.ActiveCfg = Release|Any CPU
		{F04473C5-5768-442E-A406-4368358A33A5}.Release|Any CPU.Build.0 = Release|Any CPU
		{F04473C5-5768-442E-A406-4368358A33A5}.Release|ARM.ActiveCfg = Release|Any CPU
		{F04473C5-5768-442E-A406-4368358A33A5}.Release|ARM.Build.0 = Release|Any CPU
		{F04473C5-5768-442E-A406-4368358A33A5}.Release|ARM64.ActiveCfg = Release|Any CPU
		{F04473C5-5768-442E-A406-4368358A33A5}.Release|ARM64.Build.0 = Release|Any CPU
		{F04473C5-5768-442E-A406-4368358A33A5}.Release|x64.ActiveCfg = Release|Any CPU
		{F04473C5-5768-442E-A406-4368358A33A5}.Release|x64.Build.0 = Release|Any CPU
		{F04473C5-5768-442E-A406-4368358A33A5}.Release|x86.ActiveCfg = Release|Any CPU
		{F04473C5-5768-442E-A406-4368358A33A5}.Release|x86.Build.0 = Release|Any CPU
		{0F06567D-67B6-4C3B-ABFC-D3AFAD7D77DA}.Debug|Any CPU.ActiveCfg = Debug|Any CPU
		{0F06567D-67B6-4C3B-ABFC-D3AFAD7D77DA}.Debug|Any CPU.Build.0 = Debug|Any CPU
		{0F06567D-67B6-4C3B-ABFC-D3AFAD7D77DA}.Debug|ARM.ActiveCfg = Debug|Any CPU
		{0F06567D-67B6-4C3B-ABFC-D3AFAD7D77DA}.Debug|ARM.Build.0 = Debug|Any CPU
		{0F06567D-67B6-4C3B-ABFC-D3AFAD7D77DA}.Debug|ARM64.ActiveCfg = Debug|Any CPU
		{0F06567D-67B6-4C3B-ABFC-D3AFAD7D77DA}.Debug|ARM64.Build.0 = Debug|Any CPU
		{0F06567D-67B6-4C3B-ABFC-D3AFAD7D77DA}.Debug|x64.ActiveCfg = Debug|Any CPU
		{0F06567D-67B6-4C3B-ABFC-D3AFAD7D77DA}.Debug|x64.Build.0 = Debug|Any CPU
		{0F06567D-67B6-4C3B-ABFC-D3AFAD7D77DA}.Debug|x86.ActiveCfg = Debug|Any CPU
		{0F06567D-67B6-4C3B-ABFC-D3AFAD7D77DA}.Debug|x86.Build.0 = Debug|Any CPU
		{0F06567D-67B6-4C3B-ABFC-D3AFAD7D77DA}.Release|Any CPU.ActiveCfg = Release|Any CPU
		{0F06567D-67B6-4C3B-ABFC-D3AFAD7D77DA}.Release|Any CPU.Build.0 = Release|Any CPU
		{0F06567D-67B6-4C3B-ABFC-D3AFAD7D77DA}.Release|ARM.ActiveCfg = Release|Any CPU
		{0F06567D-67B6-4C3B-ABFC-D3AFAD7D77DA}.Release|ARM.Build.0 = Release|Any CPU
		{0F06567D-67B6-4C3B-ABFC-D3AFAD7D77DA}.Release|ARM64.ActiveCfg = Release|Any CPU
		{0F06567D-67B6-4C3B-ABFC-D3AFAD7D77DA}.Release|ARM64.Build.0 = Release|Any CPU
		{0F06567D-67B6-4C3B-ABFC-D3AFAD7D77DA}.Release|x64.ActiveCfg = Release|Any CPU
		{0F06567D-67B6-4C3B-ABFC-D3AFAD7D77DA}.Release|x64.Build.0 = Release|Any CPU
		{0F06567D-67B6-4C3B-ABFC-D3AFAD7D77DA}.Release|x86.ActiveCfg = Release|Any CPU
		{0F06567D-67B6-4C3B-ABFC-D3AFAD7D77DA}.Release|x86.Build.0 = Release|Any CPU
	EndGlobalSection
	GlobalSection(SolutionProperties) = preSolution
		HideSolutionNode = FALSE
	EndGlobalSection
	GlobalSection(ExtensibilityGlobals) = postSolution
		SolutionGuid = {EDF7BA7D-22B2-44A5-8353-BE80991B6872}
	EndGlobalSection
EndGlobal
